// !$*UTF8*$!
{
	archiveVersion = 1;
	classes = {
	};
	objectVersion = 46;
	objects = {

/* Begin PBXBuildFile section */
		2BA9C8B51D3188C800FC59A1 /* AppDelegate.swift in Sources */ = {isa = PBXBuildFile; fileRef = 2BA9C8B41D3188C800FC59A1 /* AppDelegate.swift */; };
		2BA9C8BA1D3188C800FC59A1 /* Main.storyboard in Resources */ = {isa = PBXBuildFile; fileRef = 2BA9C8B81D3188C800FC59A1 /* Main.storyboard */; };
		2BA9C8BF1D3188C800FC59A1 /* LaunchScreen.storyboard in Resources */ = {isa = PBXBuildFile; fileRef = 2BA9C8BD1D3188C800FC59A1 /* LaunchScreen.storyboard */; };
		2BA9C8CA1D3188C800FC59A1 /* QuotesTests.swift in Sources */ = {isa = PBXBuildFile; fileRef = 2BA9C8C91D3188C800FC59A1 /* QuotesTests.swift */; };
		2BA9C8D51D3188C800FC59A1 /* QuotesUITests.swift in Sources */ = {isa = PBXBuildFile; fileRef = 2BA9C8D41D3188C800FC59A1 /* QuotesUITests.swift */; };
		460C0DD11E1CE9C4003378F0 /* CoreDataStack.swift in Sources */ = {isa = PBXBuildFile; fileRef = 460C0DD01E1CE9C4003378F0 /* CoreDataStack.swift */; };
		460C0DDA1E1D3664003378F0 /* Love+CoreDataClass.swift in Sources */ = {isa = PBXBuildFile; fileRef = 460C0DD41E1D3664003378F0 /* Love+CoreDataClass.swift */; };
		460C0DDB1E1D3664003378F0 /* Love+CoreDataProperties.swift in Sources */ = {isa = PBXBuildFile; fileRef = 460C0DD51E1D3664003378F0 /* Love+CoreDataProperties.swift */; };
		460C0DDC1E1D3664003378F0 /* Picture+CoreDataClass.swift in Sources */ = {isa = PBXBuildFile; fileRef = 460C0DD61E1D3664003378F0 /* Picture+CoreDataClass.swift */; };
		460C0DDD1E1D3664003378F0 /* Picture+CoreDataProperties.swift in Sources */ = {isa = PBXBuildFile; fileRef = 460C0DD71E1D3664003378F0 /* Picture+CoreDataProperties.swift */; };
		460C0DDE1E1D3664003378F0 /* Teammate+CoreDataClass.swift in Sources */ = {isa = PBXBuildFile; fileRef = 460C0DD81E1D3664003378F0 /* Teammate+CoreDataClass.swift */; };
		460C0DDF1E1D3664003378F0 /* Teammate+CoreDataProperties.swift in Sources */ = {isa = PBXBuildFile; fileRef = 460C0DD91E1D3664003378F0 /* Teammate+CoreDataProperties.swift */; };
		460C0DE31E1D6BB8003378F0 /* icon.png in Resources */ = {isa = PBXBuildFile; fileRef = 460C0DE21E1D6BB8003378F0 /* icon.png */; };
		464434C41D9CCB84006BAED3 /* StartVC.swift in Sources */ = {isa = PBXBuildFile; fileRef = 464434C31D9CCB84006BAED3 /* StartVC.swift */; };
		464434D51D9E4990006BAED3 /* ColorSheet.swift in Sources */ = {isa = PBXBuildFile; fileRef = 464434D41D9E4990006BAED3 /* ColorSheet.swift */; };
		465019371DAE459600E5FFAF /* Images.xcassets in Resources */ = {isa = PBXBuildFile; fileRef = 465019361DAE459600E5FFAF /* Images.xcassets */; };
		4651E6BA1E1E02860029ABFF /* BG.gif in Resources */ = {isa = PBXBuildFile; fileRef = 4651E6B91E1E02860029ABFF /* BG.gif */; };
		467446CF1D9C11ED00DE5D1D /* PageContentVCViewController.swift in Sources */ = {isa = PBXBuildFile; fileRef = 467446CE1D9C11ED00DE5D1D /* PageContentVCViewController.swift */; };
		467446D11D9C122500DE5D1D /* PageViewController.swift in Sources */ = {isa = PBXBuildFile; fileRef = 467446D01D9C122500DE5D1D /* PageViewController.swift */; };
		467A17151D921AE3002EA76C /* Social.framework in Frameworks */ = {isa = PBXBuildFile; fileRef = 467A17141D921AE3002EA76C /* Social.framework */; };
		467A17191D949C2A002EA76C /* LoveViewController.swift in Sources */ = {isa = PBXBuildFile; fileRef = 467A17181D949C2A002EA76C /* LoveViewController.swift */; };
		467A171B1D949C71002EA76C /* LoveTableViewCell.swift in Sources */ = {isa = PBXBuildFile; fileRef = 467A171A1D949C71002EA76C /* LoveTableViewCell.swift */; };
		46AF4F3F1E1CE2370076972E /* Teammate Model.xcdatamodeld in Sources */ = {isa = PBXBuildFile; fileRef = 46AF4F3D1E1CE2370076972E /* Teammate Model.xcdatamodeld */; };
		46AF4F411E1CE2CD0076972E /* team.json in Resources */ = {isa = PBXBuildFile; fileRef = 46AF4F401E1CE2CD0076972E /* team.json */; };
		46AF4F431E1CE4B50076972E /* Extensions.swift in Sources */ = {isa = PBXBuildFile; fileRef = 46AF4F421E1CE4B50076972E /* Extensions.swift */; };
		46BC25E91D80776300B4575C /* HomeViewController.swift in Sources */ = {isa = PBXBuildFile; fileRef = 46BC25E81D80776300B4575C /* HomeViewController.swift */; };
		46BC25EB1D8079AD00B4575C /* homeTableViewCell.swift in Sources */ = {isa = PBXBuildFile; fileRef = 46BC25EA1D8079AD00B4575C /* homeTableViewCell.swift */; };
		46BC25EF1D80960400B4575C /* RandomTableViewController.swift in Sources */ = {isa = PBXBuildFile; fileRef = 46BC25EE1D80960400B4575C /* RandomTableViewController.swift */; };
		756A55C39EC9341FAF628FAF /* Pods_Quotes.framework in Frameworks */ = {isa = PBXBuildFile; fileRef = A03FBE4E87A8F68F77EA5EFB /* Pods_Quotes.framework */; };
		91BE786BB6DA4AF5062C7701 /* Pods_QuotesUITests.framework in Frameworks */ = {isa = PBXBuildFile; fileRef = 90ACB8D1D34607FBFAC9358F /* Pods_QuotesUITests.framework */; };
		E0BCBA612518D94933BCD50E /* Pods_QuotesTests.framework in Frameworks */ = {isa = PBXBuildFile; fileRef = 9E6249A957DFF81E0FFDB3FB /* Pods_QuotesTests.framework */; };
/* End PBXBuildFile section */

/* Begin PBXContainerItemProxy section */
		2BA9C8C61D3188C800FC59A1 /* PBXContainerItemProxy */ = {
			isa = PBXContainerItemProxy;
			containerPortal = 2BA9C8A91D3188C700FC59A1 /* Project object */;
			proxyType = 1;
			remoteGlobalIDString = 2BA9C8B01D3188C800FC59A1;
			remoteInfo = Quotes;
		};
		2BA9C8D11D3188C800FC59A1 /* PBXContainerItemProxy */ = {
			isa = PBXContainerItemProxy;
			containerPortal = 2BA9C8A91D3188C700FC59A1 /* Project object */;
			proxyType = 1;
			remoteGlobalIDString = 2BA9C8B01D3188C800FC59A1;
			remoteInfo = Quotes;
		};
/* End PBXContainerItemProxy section */

/* Begin PBXFileReference section */
		2BA9C8B11D3188C800FC59A1 /* Teammate.app */ = {isa = PBXFileReference; explicitFileType = wrapper.application; includeInIndex = 0; path = Teammate.app; sourceTree = BUILT_PRODUCTS_DIR; };
		2BA9C8B41D3188C800FC59A1 /* AppDelegate.swift */ = {isa = PBXFileReference; lastKnownFileType = sourcecode.swift; path = AppDelegate.swift; sourceTree = "<group>"; };
		2BA9C8B91D3188C800FC59A1 /* Base */ = {isa = PBXFileReference; lastKnownFileType = file.storyboard; name = Base; path = Base.lproj/Main.storyboard; sourceTree = "<group>"; };
		2BA9C8BE1D3188C800FC59A1 /* Base */ = {isa = PBXFileReference; lastKnownFileType = file.storyboard; name = Base; path = Base.lproj/LaunchScreen.storyboard; sourceTree = "<group>"; };
		2BA9C8C01D3188C800FC59A1 /* Info.plist */ = {isa = PBXFileReference; lastKnownFileType = text.plist.xml; path = Info.plist; sourceTree = "<group>"; };
		2BA9C8C51D3188C800FC59A1 /* TeammateTests.xctest */ = {isa = PBXFileReference; explicitFileType = wrapper.cfbundle; includeInIndex = 0; path = TeammateTests.xctest; sourceTree = BUILT_PRODUCTS_DIR; };
		2BA9C8C91D3188C800FC59A1 /* QuotesTests.swift */ = {isa = PBXFileReference; lastKnownFileType = sourcecode.swift; path = QuotesTests.swift; sourceTree = "<group>"; };
		2BA9C8CB1D3188C800FC59A1 /* Info.plist */ = {isa = PBXFileReference; lastKnownFileType = text.plist.xml; path = Info.plist; sourceTree = "<group>"; };
		2BA9C8D01D3188C800FC59A1 /* TeammateUITests.xctest */ = {isa = PBXFileReference; explicitFileType = wrapper.cfbundle; includeInIndex = 0; path = TeammateUITests.xctest; sourceTree = BUILT_PRODUCTS_DIR; };
		2BA9C8D41D3188C800FC59A1 /* QuotesUITests.swift */ = {isa = PBXFileReference; lastKnownFileType = sourcecode.swift; path = QuotesUITests.swift; sourceTree = "<group>"; };
		2BA9C8D61D3188C800FC59A1 /* Info.plist */ = {isa = PBXFileReference; lastKnownFileType = text.plist.xml; path = Info.plist; sourceTree = "<group>"; };
		460C0DD01E1CE9C4003378F0 /* CoreDataStack.swift */ = {isa = PBXFileReference; fileEncoding = 4; lastKnownFileType = sourcecode.swift; path = CoreDataStack.swift; sourceTree = "<group>"; };
		460C0DD41E1D3664003378F0 /* Love+CoreDataClass.swift */ = {isa = PBXFileReference; fileEncoding = 4; lastKnownFileType = sourcecode.swift; name = "Love+CoreDataClass.swift"; path = "../Love+CoreDataClass.swift"; sourceTree = "<group>"; };
		460C0DD51E1D3664003378F0 /* Love+CoreDataProperties.swift */ = {isa = PBXFileReference; fileEncoding = 4; lastKnownFileType = sourcecode.swift; name = "Love+CoreDataProperties.swift"; path = "../Love+CoreDataProperties.swift"; sourceTree = "<group>"; };
		460C0DD61E1D3664003378F0 /* Picture+CoreDataClass.swift */ = {isa = PBXFileReference; fileEncoding = 4; lastKnownFileType = sourcecode.swift; name = "Picture+CoreDataClass.swift"; path = "../Picture+CoreDataClass.swift"; sourceTree = "<group>"; };
		460C0DD71E1D3664003378F0 /* Picture+CoreDataProperties.swift */ = {isa = PBXFileReference; fileEncoding = 4; lastKnownFileType = sourcecode.swift; name = "Picture+CoreDataProperties.swift"; path = "../Picture+CoreDataProperties.swift"; sourceTree = "<group>"; };
		460C0DD81E1D3664003378F0 /* Teammate+CoreDataClass.swift */ = {isa = PBXFileReference; fileEncoding = 4; lastKnownFileType = sourcecode.swift; name = "Teammate+CoreDataClass.swift"; path = "../Teammate+CoreDataClass.swift"; sourceTree = "<group>"; };
		460C0DD91E1D3664003378F0 /* Teammate+CoreDataProperties.swift */ = {isa = PBXFileReference; fileEncoding = 4; lastKnownFileType = sourcecode.swift; name = "Teammate+CoreDataProperties.swift"; path = "../Teammate+CoreDataProperties.swift"; sourceTree = "<group>"; };
		460C0DE21E1D6BB8003378F0 /* icon.png */ = {isa = PBXFileReference; lastKnownFileType = image.png; path = icon.png; sourceTree = "<group>"; };
		464434C31D9CCB84006BAED3 /* StartVC.swift */ = {isa = PBXFileReference; fileEncoding = 4; lastKnownFileType = sourcecode.swift; path = StartVC.swift; sourceTree = "<group>"; };
		464434D41D9E4990006BAED3 /* ColorSheet.swift */ = {isa = PBXFileReference; fileEncoding = 4; lastKnownFileType = sourcecode.swift; path = ColorSheet.swift; sourceTree = "<group>"; };
		465019361DAE459600E5FFAF /* Images.xcassets */ = {isa = PBXFileReference; lastKnownFileType = folder.assetcatalog; path = Images.xcassets; sourceTree = "<group>"; };
		4651E6B91E1E02860029ABFF /* BG.gif */ = {isa = PBXFileReference; lastKnownFileType = image.gif; path = BG.gif; sourceTree = "<group>"; };
		467446CE1D9C11ED00DE5D1D /* PageContentVCViewController.swift */ = {isa = PBXFileReference; fileEncoding = 4; lastKnownFileType = sourcecode.swift; path = PageContentVCViewController.swift; sourceTree = "<group>"; };
		467446D01D9C122500DE5D1D /* PageViewController.swift */ = {isa = PBXFileReference; fileEncoding = 4; lastKnownFileType = sourcecode.swift; path = PageViewController.swift; sourceTree = "<group>"; };
		467A17141D921AE3002EA76C /* Social.framework */ = {isa = PBXFileReference; lastKnownFileType = wrapper.framework; name = Social.framework; path = System/Library/Frameworks/Social.framework; sourceTree = SDKROOT; };
		467A17181D949C2A002EA76C /* LoveViewController.swift */ = {isa = PBXFileReference; fileEncoding = 4; lastKnownFileType = sourcecode.swift; path = LoveViewController.swift; sourceTree = "<group>"; };
		467A171A1D949C71002EA76C /* LoveTableViewCell.swift */ = {isa = PBXFileReference; fileEncoding = 4; lastKnownFileType = sourcecode.swift; path = LoveTableViewCell.swift; sourceTree = "<group>"; };
		46AF4F3E1E1CE2370076972E /* Teammate Model.xcdatamodel */ = {isa = PBXFileReference; lastKnownFileType = wrapper.xcdatamodel; path = "Teammate Model.xcdatamodel"; sourceTree = "<group>"; };
		46AF4F401E1CE2CD0076972E /* team.json */ = {isa = PBXFileReference; fileEncoding = 4; lastKnownFileType = text.json; path = team.json; sourceTree = "<group>"; };
		46AF4F421E1CE4B50076972E /* Extensions.swift */ = {isa = PBXFileReference; fileEncoding = 4; lastKnownFileType = sourcecode.swift; path = Extensions.swift; sourceTree = "<group>"; };
		46BC25E81D80776300B4575C /* HomeViewController.swift */ = {isa = PBXFileReference; fileEncoding = 4; lastKnownFileType = sourcecode.swift; path = HomeViewController.swift; sourceTree = "<group>"; };
		46BC25EA1D8079AD00B4575C /* homeTableViewCell.swift */ = {isa = PBXFileReference; fileEncoding = 4; lastKnownFileType = sourcecode.swift; path = homeTableViewCell.swift; sourceTree = "<group>"; };
		46BC25EE1D80960400B4575C /* RandomTableViewController.swift */ = {isa = PBXFileReference; fileEncoding = 4; lastKnownFileType = sourcecode.swift; path = RandomTableViewController.swift; sourceTree = "<group>"; };
		5694BB45F9CC24E42848CE4C /* Pods-QuotesTests.release.xcconfig */ = {isa = PBXFileReference; includeInIndex = 1; lastKnownFileType = text.xcconfig; name = "Pods-QuotesTests.release.xcconfig"; path = "Pods/Target Support Files/Pods-QuotesTests/Pods-QuotesTests.release.xcconfig"; sourceTree = "<group>"; };
		90ACB8D1D34607FBFAC9358F /* Pods_QuotesUITests.framework */ = {isa = PBXFileReference; explicitFileType = wrapper.framework; includeInIndex = 0; path = Pods_QuotesUITests.framework; sourceTree = BUILT_PRODUCTS_DIR; };
		9E6249A957DFF81E0FFDB3FB /* Pods_QuotesTests.framework */ = {isa = PBXFileReference; explicitFileType = wrapper.framework; includeInIndex = 0; path = Pods_QuotesTests.framework; sourceTree = BUILT_PRODUCTS_DIR; };
		A03FBE4E87A8F68F77EA5EFB /* Pods_Quotes.framework */ = {isa = PBXFileReference; explicitFileType = wrapper.framework; includeInIndex = 0; path = Pods_Quotes.framework; sourceTree = BUILT_PRODUCTS_DIR; };
		B8745A2B31E47A6FDDAA04CB /* Pods-QuotesTests.debug.xcconfig */ = {isa = PBXFileReference; includeInIndex = 1; lastKnownFileType = text.xcconfig; name = "Pods-QuotesTests.debug.xcconfig"; path = "Pods/Target Support Files/Pods-QuotesTests/Pods-QuotesTests.debug.xcconfig"; sourceTree = "<group>"; };
		B9D047151ACE921CFF837297 /* Pods-QuotesUITests.debug.xcconfig */ = {isa = PBXFileReference; includeInIndex = 1; lastKnownFileType = text.xcconfig; name = "Pods-QuotesUITests.debug.xcconfig"; path = "Pods/Target Support Files/Pods-QuotesUITests/Pods-QuotesUITests.debug.xcconfig"; sourceTree = "<group>"; };
		D66C26A34900B2E847F1EFC5 /* Pods-Quotes.debug.xcconfig */ = {isa = PBXFileReference; includeInIndex = 1; lastKnownFileType = text.xcconfig; name = "Pods-Quotes.debug.xcconfig"; path = "Pods/Target Support Files/Pods-Quotes/Pods-Quotes.debug.xcconfig"; sourceTree = "<group>"; };
		D9B7F3ACAA15D8D8D576133B /* Pods-Quotes.release.xcconfig */ = {isa = PBXFileReference; includeInIndex = 1; lastKnownFileType = text.xcconfig; name = "Pods-Quotes.release.xcconfig"; path = "Pods/Target Support Files/Pods-Quotes/Pods-Quotes.release.xcconfig"; sourceTree = "<group>"; };
		F3CE4FC56A173B0225CD96BE /* Pods-QuotesUITests.release.xcconfig */ = {isa = PBXFileReference; includeInIndex = 1; lastKnownFileType = text.xcconfig; name = "Pods-QuotesUITests.release.xcconfig"; path = "Pods/Target Support Files/Pods-QuotesUITests/Pods-QuotesUITests.release.xcconfig"; sourceTree = "<group>"; };
/* End PBXFileReference section */

/* Begin PBXFrameworksBuildPhase section */
		2BA9C8AE1D3188C800FC59A1 /* Frameworks */ = {
			isa = PBXFrameworksBuildPhase;
			buildActionMask = 2147483647;
			files = (
				467A17151D921AE3002EA76C /* Social.framework in Frameworks */,
				756A55C39EC9341FAF628FAF /* Pods_Quotes.framework in Frameworks */,
			);
			runOnlyForDeploymentPostprocessing = 0;
		};
		2BA9C8C21D3188C800FC59A1 /* Frameworks */ = {
			isa = PBXFrameworksBuildPhase;
			buildActionMask = 2147483647;
			files = (
				E0BCBA612518D94933BCD50E /* Pods_QuotesTests.framework in Frameworks */,
			);
			runOnlyForDeploymentPostprocessing = 0;
		};
		2BA9C8CD1D3188C800FC59A1 /* Frameworks */ = {
			isa = PBXFrameworksBuildPhase;
			buildActionMask = 2147483647;
			files = (
				91BE786BB6DA4AF5062C7701 /* Pods_QuotesUITests.framework in Frameworks */,
			);
			runOnlyForDeploymentPostprocessing = 0;
		};
/* End PBXFrameworksBuildPhase section */

/* Begin PBXGroup section */
		2BA9C8A81D3188C700FC59A1 = {
			isa = PBXGroup;
			children = (
				467A17141D921AE3002EA76C /* Social.framework */,
				2BA9C8B31D3188C800FC59A1 /* Teammate */,
				2BA9C8C81D3188C800FC59A1 /* TeammatesTests */,
				2BA9C8D31D3188C800FC59A1 /* TeammatesUITests */,
				2BA9C8B21D3188C800FC59A1 /* Products */,
				852984291A0D2562CB1842AE /* Pods */,
				5D9A4C8EB27B8AD74C54EA12 /* Frameworks */,
			);
			sourceTree = "<group>";
		};
		2BA9C8B21D3188C800FC59A1 /* Products */ = {
			isa = PBXGroup;
			children = (
				2BA9C8B11D3188C800FC59A1 /* Teammate.app */,
				2BA9C8C51D3188C800FC59A1 /* TeammateTests.xctest */,
				2BA9C8D01D3188C800FC59A1 /* TeammateUITests.xctest */,
			);
			name = Products;
			sourceTree = "<group>";
		};
		2BA9C8B31D3188C800FC59A1 /* Teammate */ = {
			isa = PBXGroup;
			children = (
				464434C71D9CD203006BAED3 /* Supporting FW */,
				467446CD1D9C118200DE5D1D /* Walkthrough Viewcontroller */,
				463A5F451D79CDB20033D2A7 /* Core Data Model */,
				462921C01D78BCDB001CEB92 /* supporting files */,
				2BA9C8B41D3188C800FC59A1 /* AppDelegate.swift */,
				46BC25E81D80776300B4575C /* HomeViewController.swift */,
				46BC25EA1D8079AD00B4575C /* homeTableViewCell.swift */,
				467A17181D949C2A002EA76C /* LoveViewController.swift */,
				467A171A1D949C71002EA76C /* LoveTableViewCell.swift */,
				46BC25EE1D80960400B4575C /* RandomTableViewController.swift */,
				2BA9C8B81D3188C800FC59A1 /* Main.storyboard */,
				2BA9C8BD1D3188C800FC59A1 /* LaunchScreen.storyboard */,
				2BA9C8C01D3188C800FC59A1 /* Info.plist */,
				465019361DAE459600E5FFAF /* Images.xcassets */,
				460C0DE21E1D6BB8003378F0 /* icon.png */,
			);
			name = Teammate;
			path = Quotes;
			sourceTree = "<group>";
		};
		2BA9C8C81D3188C800FC59A1 /* TeammatesTests */ = {
			isa = PBXGroup;
			children = (
				2BA9C8C91D3188C800FC59A1 /* QuotesTests.swift */,
				2BA9C8CB1D3188C800FC59A1 /* Info.plist */,
			);
			name = TeammatesTests;
			path = QuotesTests;
			sourceTree = "<group>";
		};
		2BA9C8D31D3188C800FC59A1 /* TeammatesUITests */ = {
			isa = PBXGroup;
			children = (
				2BA9C8D41D3188C800FC59A1 /* QuotesUITests.swift */,
				2BA9C8D61D3188C800FC59A1 /* Info.plist */,
			);
			name = TeammatesUITests;
			path = QuotesUITests;
			sourceTree = "<group>";
		};
		462921C01D78BCDB001CEB92 /* supporting files */ = {
			isa = PBXGroup;
			children = (
			);
			name = "supporting files";
			sourceTree = "<group>";
		};
		463A5F451D79CDB20033D2A7 /* Core Data Model */ = {
			isa = PBXGroup;
			children = (
				460C0DD41E1D3664003378F0 /* Love+CoreDataClass.swift */,
				460C0DD51E1D3664003378F0 /* Love+CoreDataProperties.swift */,
				460C0DD61E1D3664003378F0 /* Picture+CoreDataClass.swift */,
				460C0DD71E1D3664003378F0 /* Picture+CoreDataProperties.swift */,
				460C0DD81E1D3664003378F0 /* Teammate+CoreDataClass.swift */,
				460C0DD91E1D3664003378F0 /* Teammate+CoreDataProperties.swift */,
				46AF4F401E1CE2CD0076972E /* team.json */,
				460C0DD01E1CE9C4003378F0 /* CoreDataStack.swift */,
				46AF4F3D1E1CE2370076972E /* Teammate Model.xcdatamodeld */,
			);
			name = "Core Data Model";
			sourceTree = "<group>";
		};
		464434C71D9CD203006BAED3 /* Supporting FW */ = {
			isa = PBXGroup;
			children = (
				464434D41D9E4990006BAED3 /* ColorSheet.swift */,
				4651E6B91E1E02860029ABFF /* BG.gif */,
				46AF4F421E1CE4B50076972E /* Extensions.swift */,
			);
			name = "Supporting FW";
			sourceTree = "<group>";
		};
		467446CD1D9C118200DE5D1D /* Walkthrough Viewcontroller */ = {
			isa = PBXGroup;
			children = (
				467446CE1D9C11ED00DE5D1D /* PageContentVCViewController.swift */,
				464434C31D9CCB84006BAED3 /* StartVC.swift */,
				467446D01D9C122500DE5D1D /* PageViewController.swift */,
			);
			name = "Walkthrough Viewcontroller";
			sourceTree = "<group>";
		};
		5D9A4C8EB27B8AD74C54EA12 /* Frameworks */ = {
			isa = PBXGroup;
			children = (
				A03FBE4E87A8F68F77EA5EFB /* Pods_Quotes.framework */,
				9E6249A957DFF81E0FFDB3FB /* Pods_QuotesTests.framework */,
				90ACB8D1D34607FBFAC9358F /* Pods_QuotesUITests.framework */,
			);
			name = Frameworks;
			sourceTree = "<group>";
		};
		852984291A0D2562CB1842AE /* Pods */ = {
			isa = PBXGroup;
			children = (
				D66C26A34900B2E847F1EFC5 /* Pods-Quotes.debug.xcconfig */,
				D9B7F3ACAA15D8D8D576133B /* Pods-Quotes.release.xcconfig */,
				B8745A2B31E47A6FDDAA04CB /* Pods-QuotesTests.debug.xcconfig */,
				5694BB45F9CC24E42848CE4C /* Pods-QuotesTests.release.xcconfig */,
				B9D047151ACE921CFF837297 /* Pods-QuotesUITests.debug.xcconfig */,
				F3CE4FC56A173B0225CD96BE /* Pods-QuotesUITests.release.xcconfig */,
			);
			name = Pods;
			sourceTree = "<group>";
		};
/* End PBXGroup section */

/* Begin PBXNativeTarget section */
		2BA9C8B01D3188C800FC59A1 /* Teammate */ = {
			isa = PBXNativeTarget;
			buildConfigurationList = 2BA9C8D91D3188C800FC59A1 /* Build configuration list for PBXNativeTarget "Teammate" */;
			buildPhases = (
				84AE0FDF4AFF62B2B815AD0C /* [CP] Check Pods Manifest.lock */,
				2BA9C8AD1D3188C800FC59A1 /* Sources */,
				2BA9C8AE1D3188C800FC59A1 /* Frameworks */,
				2BA9C8AF1D3188C800FC59A1 /* Resources */,
				91333346FFCC28AFDAFD56CB /* [CP] Embed Pods Frameworks */,
				B2678F8F264FB6F5C95331D3 /* [CP] Copy Pods Resources */,
			);
			buildRules = (
			);
			dependencies = (
			);
			name = Teammate;
			productName = Quotes;
			productReference = 2BA9C8B11D3188C800FC59A1 /* Teammate.app */;
			productType = "com.apple.product-type.application";
		};
		2BA9C8C41D3188C800FC59A1 /* TeammateTests */ = {
			isa = PBXNativeTarget;
			buildConfigurationList = 2BA9C8DC1D3188C800FC59A1 /* Build configuration list for PBXNativeTarget "TeammateTests" */;
			buildPhases = (
				8A5CD38F7D7FE952499F3E22 /* [CP] Check Pods Manifest.lock */,
				2BA9C8C11D3188C800FC59A1 /* Sources */,
				2BA9C8C21D3188C800FC59A1 /* Frameworks */,
				2BA9C8C31D3188C800FC59A1 /* Resources */,
				C2B1E2300BA5FA4C2D0E0A46 /* [CP] Embed Pods Frameworks */,
				C724263DF9B540138012946C /* [CP] Copy Pods Resources */,
			);
			buildRules = (
			);
			dependencies = (
				2BA9C8C71D3188C800FC59A1 /* PBXTargetDependency */,
			);
			name = TeammateTests;
			productName = QuotesTests;
			productReference = 2BA9C8C51D3188C800FC59A1 /* TeammateTests.xctest */;
			productType = "com.apple.product-type.bundle.unit-test";
		};
		2BA9C8CF1D3188C800FC59A1 /* TeammateUITests */ = {
			isa = PBXNativeTarget;
			buildConfigurationList = 2BA9C8DF1D3188C800FC59A1 /* Build configuration list for PBXNativeTarget "TeammateUITests" */;
			buildPhases = (
				1458B16FD1C4850CEB5097E8 /* [CP] Check Pods Manifest.lock */,
				2BA9C8CC1D3188C800FC59A1 /* Sources */,
				2BA9C8CD1D3188C800FC59A1 /* Frameworks */,
				2BA9C8CE1D3188C800FC59A1 /* Resources */,
				35A5EEBB9BA2FB71CC9433AD /* [CP] Copy Pods Resources */,
			);
			buildRules = (
			);
			dependencies = (
				2BA9C8D21D3188C800FC59A1 /* PBXTargetDependency */,
			);
			name = TeammateUITests;
			productName = QuotesUITests;
			productReference = 2BA9C8D01D3188C800FC59A1 /* TeammateUITests.xctest */;
			productType = "com.apple.product-type.bundle.ui-testing";
		};
/* End PBXNativeTarget section */

/* Begin PBXProject section */
		2BA9C8A91D3188C700FC59A1 /* Project object */ = {
			isa = PBXProject;
			attributes = {
				LastSwiftUpdateCheck = 0730;
				LastUpgradeCheck = 0800;
				ORGANIZATIONNAME = "Larry Skyla";
				TargetAttributes = {
					2BA9C8B01D3188C800FC59A1 = {
						CreatedOnToolsVersion = 7.3.1;
						LastSwiftMigration = 0800;
						ProvisioningStyle = Manual;
					};
					2BA9C8C41D3188C800FC59A1 = {
						CreatedOnToolsVersion = 7.3.1;
						LastSwiftMigration = 0800;
						TestTargetID = 2BA9C8B01D3188C800FC59A1;
					};
					2BA9C8CF1D3188C800FC59A1 = {
						CreatedOnToolsVersion = 7.3.1;
						LastSwiftMigration = 0800;
						TestTargetID = 2BA9C8B01D3188C800FC59A1;
					};
				};
			};
			buildConfigurationList = 2BA9C8AC1D3188C700FC59A1 /* Build configuration list for PBXProject "Teammate" */;
			compatibilityVersion = "Xcode 3.2";
			developmentRegion = English;
			hasScannedForEncodings = 0;
			knownRegions = (
				en,
				Base,
			);
			mainGroup = 2BA9C8A81D3188C700FC59A1;
			productRefGroup = 2BA9C8B21D3188C800FC59A1 /* Products */;
			projectDirPath = "";
			projectRoot = "";
			targets = (
				2BA9C8B01D3188C800FC59A1 /* Teammate */,
				2BA9C8C41D3188C800FC59A1 /* TeammateTests */,
				2BA9C8CF1D3188C800FC59A1 /* TeammateUITests */,
			);
		};
/* End PBXProject section */

/* Begin PBXResourcesBuildPhase section */
		2BA9C8AF1D3188C800FC59A1 /* Resources */ = {
			isa = PBXResourcesBuildPhase;
			buildActionMask = 2147483647;
			files = (
				465019371DAE459600E5FFAF /* Images.xcassets in Resources */,
				4651E6BA1E1E02860029ABFF /* BG.gif in Resources */,
				460C0DE31E1D6BB8003378F0 /* icon.png in Resources */,
				2BA9C8BF1D3188C800FC59A1 /* LaunchScreen.storyboard in Resources */,
				2BA9C8BA1D3188C800FC59A1 /* Main.storyboard in Resources */,
				46AF4F411E1CE2CD0076972E /* team.json in Resources */,
			);
			runOnlyForDeploymentPostprocessing = 0;
		};
		2BA9C8C31D3188C800FC59A1 /* Resources */ = {
			isa = PBXResourcesBuildPhase;
			buildActionMask = 2147483647;
			files = (
			);
			runOnlyForDeploymentPostprocessing = 0;
		};
		2BA9C8CE1D3188C800FC59A1 /* Resources */ = {
			isa = PBXResourcesBuildPhase;
			buildActionMask = 2147483647;
			files = (
			);
			runOnlyForDeploymentPostprocessing = 0;
		};
/* End PBXResourcesBuildPhase section */

/* Begin PBXShellScriptBuildPhase section */
		1458B16FD1C4850CEB5097E8 /* [CP] Check Pods Manifest.lock */ = {
			isa = PBXShellScriptBuildPhase;
			buildActionMask = 2147483647;
			files = (
			);
			inputPaths = (
			);
			name = "[CP] Check Pods Manifest.lock";
			outputPaths = (
			);
			runOnlyForDeploymentPostprocessing = 0;
			shellPath = /bin/sh;
			shellScript = "diff \"${PODS_ROOT}/../Podfile.lock\" \"${PODS_ROOT}/Manifest.lock\" > /dev/null\nif [[ $? != 0 ]] ; then\n    cat << EOM\nerror: The sandbox is not in sync with the Podfile.lock. Run 'pod install' or update your CocoaPods installation.\nEOM\n    exit 1\nfi\n";
			showEnvVarsInLog = 0;
		};
		35A5EEBB9BA2FB71CC9433AD /* [CP] Copy Pods Resources */ = {
			isa = PBXShellScriptBuildPhase;
			buildActionMask = 2147483647;
			files = (
			);
			inputPaths = (
			);
			name = "[CP] Copy Pods Resources";
			outputPaths = (
			);
			runOnlyForDeploymentPostprocessing = 0;
			shellPath = /bin/sh;
			shellScript = "\"${SRCROOT}/Pods/Target Support Files/Pods-QuotesUITests/Pods-QuotesUITests-resources.sh\"\n";
			showEnvVarsInLog = 0;
		};
		84AE0FDF4AFF62B2B815AD0C /* [CP] Check Pods Manifest.lock */ = {
			isa = PBXShellScriptBuildPhase;
			buildActionMask = 2147483647;
			files = (
			);
			inputPaths = (
			);
			name = "[CP] Check Pods Manifest.lock";
			outputPaths = (
			);
			runOnlyForDeploymentPostprocessing = 0;
			shellPath = /bin/sh;
			shellScript = "diff \"${PODS_ROOT}/../Podfile.lock\" \"${PODS_ROOT}/Manifest.lock\" > /dev/null\nif [[ $? != 0 ]] ; then\n    cat << EOM\nerror: The sandbox is not in sync with the Podfile.lock. Run 'pod install' or update your CocoaPods installation.\nEOM\n    exit 1\nfi\n";
			showEnvVarsInLog = 0;
		};
		8A5CD38F7D7FE952499F3E22 /* [CP] Check Pods Manifest.lock */ = {
			isa = PBXShellScriptBuildPhase;
			buildActionMask = 2147483647;
			files = (
			);
			inputPaths = (
			);
			name = "[CP] Check Pods Manifest.lock";
			outputPaths = (
			);
			runOnlyForDeploymentPostprocessing = 0;
			shellPath = /bin/sh;
			shellScript = "diff \"${PODS_ROOT}/../Podfile.lock\" \"${PODS_ROOT}/Manifest.lock\" > /dev/null\nif [[ $? != 0 ]] ; then\n    cat << EOM\nerror: The sandbox is not in sync with the Podfile.lock. Run 'pod install' or update your CocoaPods installation.\nEOM\n    exit 1\nfi\n";
			showEnvVarsInLog = 0;
		};
		91333346FFCC28AFDAFD56CB /* [CP] Embed Pods Frameworks */ = {
			isa = PBXShellScriptBuildPhase;
			buildActionMask = 2147483647;
			files = (
			);
			inputPaths = (
			);
			name = "[CP] Embed Pods Frameworks";
			outputPaths = (
			);
			runOnlyForDeploymentPostprocessing = 0;
			shellPath = /bin/sh;
			shellScript = "\"${SRCROOT}/Pods/Target Support Files/Pods-Quotes/Pods-Quotes-frameworks.sh\"\n";
			showEnvVarsInLog = 0;
		};
		B2678F8F264FB6F5C95331D3 /* [CP] Copy Pods Resources */ = {
			isa = PBXShellScriptBuildPhase;
			buildActionMask = 2147483647;
			files = (
			);
			inputPaths = (
			);
			name = "[CP] Copy Pods Resources";
			outputPaths = (
			);
			runOnlyForDeploymentPostprocessing = 0;
			shellPath = /bin/sh;
			shellScript = "\"${SRCROOT}/Pods/Target Support Files/Pods-Quotes/Pods-Quotes-resources.sh\"\n";
			showEnvVarsInLog = 0;
		};
		C2B1E2300BA5FA4C2D0E0A46 /* [CP] Embed Pods Frameworks */ = {
			isa = PBXShellScriptBuildPhase;
			buildActionMask = 2147483647;
			files = (
			);
			inputPaths = (
			);
			name = "[CP] Embed Pods Frameworks";
			outputPaths = (
			);
			runOnlyForDeploymentPostprocessing = 0;
			shellPath = /bin/sh;
			shellScript = "\"${SRCROOT}/Pods/Target Support Files/Pods-QuotesTests/Pods-QuotesTests-frameworks.sh\"\n";
			showEnvVarsInLog = 0;
		};
		C724263DF9B540138012946C /* [CP] Copy Pods Resources */ = {
			isa = PBXShellScriptBuildPhase;
			buildActionMask = 2147483647;
			files = (
			);
			inputPaths = (
			);
			name = "[CP] Copy Pods Resources";
			outputPaths = (
			);
			runOnlyForDeploymentPostprocessing = 0;
			shellPath = /bin/sh;
			shellScript = "\"${SRCROOT}/Pods/Target Support Files/Pods-QuotesTests/Pods-QuotesTests-resources.sh\"\n";
			showEnvVarsInLog = 0;
		};
/* End PBXShellScriptBuildPhase section */

/* Begin PBXSourcesBuildPhase section */
		2BA9C8AD1D3188C800FC59A1 /* Sources */ = {
			isa = PBXSourcesBuildPhase;
			buildActionMask = 2147483647;
			files = (
				460C0DD11E1CE9C4003378F0 /* CoreDataStack.swift in Sources */,
				460C0DDE1E1D3664003378F0 /* Teammate+CoreDataClass.swift in Sources */,
				46BC25EB1D8079AD00B4575C /* homeTableViewCell.swift in Sources */,
				46AF4F3F1E1CE2370076972E /* Teammate Model.xcdatamodeld in Sources */,
				467446CF1D9C11ED00DE5D1D /* PageContentVCViewController.swift in Sources */,
				467A171B1D949C71002EA76C /* LoveTableViewCell.swift in Sources */,
				460C0DDA1E1D3664003378F0 /* Love+CoreDataClass.swift in Sources */,
				460C0DDC1E1D3664003378F0 /* Picture+CoreDataClass.swift in Sources */,
				2BA9C8B51D3188C800FC59A1 /* AppDelegate.swift in Sources */,
				464434C41D9CCB84006BAED3 /* StartVC.swift in Sources */,
				467446D11D9C122500DE5D1D /* PageViewController.swift in Sources */,
				46BC25E91D80776300B4575C /* HomeViewController.swift in Sources */,
				460C0DDF1E1D3664003378F0 /* Teammate+CoreDataProperties.swift in Sources */,
				467A17191D949C2A002EA76C /* LoveViewController.swift in Sources */,
				46AF4F431E1CE4B50076972E /* Extensions.swift in Sources */,
				46BC25EF1D80960400B4575C /* RandomTableViewController.swift in Sources */,
				464434D51D9E4990006BAED3 /* ColorSheet.swift in Sources */,
				460C0DDD1E1D3664003378F0 /* Picture+CoreDataProperties.swift in Sources */,
				460C0DDB1E1D3664003378F0 /* Love+CoreDataProperties.swift in Sources */,
			);
			runOnlyForDeploymentPostprocessing = 0;
		};
		2BA9C8C11D3188C800FC59A1 /* Sources */ = {
			isa = PBXSourcesBuildPhase;
			buildActionMask = 2147483647;
			files = (
				2BA9C8CA1D3188C800FC59A1 /* QuotesTests.swift in Sources */,
			);
			runOnlyForDeploymentPostprocessing = 0;
		};
		2BA9C8CC1D3188C800FC59A1 /* Sources */ = {
			isa = PBXSourcesBuildPhase;
			buildActionMask = 2147483647;
			files = (
				2BA9C8D51D3188C800FC59A1 /* QuotesUITests.swift in Sources */,
			);
			runOnlyForDeploymentPostprocessing = 0;
		};
/* End PBXSourcesBuildPhase section */

/* Begin PBXTargetDependency section */
		2BA9C8C71D3188C800FC59A1 /* PBXTargetDependency */ = {
			isa = PBXTargetDependency;
			target = 2BA9C8B01D3188C800FC59A1 /* Teammate */;
			targetProxy = 2BA9C8C61D3188C800FC59A1 /* PBXContainerItemProxy */;
		};
		2BA9C8D21D3188C800FC59A1 /* PBXTargetDependency */ = {
			isa = PBXTargetDependency;
			target = 2BA9C8B01D3188C800FC59A1 /* Teammate */;
			targetProxy = 2BA9C8D11D3188C800FC59A1 /* PBXContainerItemProxy */;
		};
/* End PBXTargetDependency section */

/* Begin PBXVariantGroup section */
		2BA9C8B81D3188C800FC59A1 /* Main.storyboard */ = {
			isa = PBXVariantGroup;
			children = (
				2BA9C8B91D3188C800FC59A1 /* Base */,
			);
			name = Main.storyboard;
			sourceTree = "<group>";
		};
		2BA9C8BD1D3188C800FC59A1 /* LaunchScreen.storyboard */ = {
			isa = PBXVariantGroup;
			children = (
				2BA9C8BE1D3188C800FC59A1 /* Base */,
			);
			name = LaunchScreen.storyboard;
			sourceTree = "<group>";
		};
/* End PBXVariantGroup section */

/* Begin XCBuildConfiguration section */
		2BA9C8D71D3188C800FC59A1 /* Debug */ = {
			isa = XCBuildConfiguration;
			buildSettings = {
				ALWAYS_SEARCH_USER_PATHS = NO;
				CLANG_ANALYZER_NONNULL = YES;
				CLANG_CXX_LANGUAGE_STANDARD = "gnu++0x";
				CLANG_CXX_LIBRARY = "libc++";
				CLANG_ENABLE_MODULES = YES;
				CLANG_ENABLE_OBJC_ARC = YES;
				CLANG_WARN_BOOL_CONVERSION = YES;
				CLANG_WARN_CONSTANT_CONVERSION = YES;
				CLANG_WARN_DIRECT_OBJC_ISA_USAGE = YES_ERROR;
				CLANG_WARN_EMPTY_BODY = YES;
				CLANG_WARN_ENUM_CONVERSION = YES;
				CLANG_WARN_INFINITE_RECURSION = YES;
				CLANG_WARN_INT_CONVERSION = YES;
				CLANG_WARN_OBJC_ROOT_CLASS = YES_ERROR;
				CLANG_WARN_SUSPICIOUS_MOVE = YES;
				CLANG_WARN_UNREACHABLE_CODE = YES;
				CLANG_WARN__DUPLICATE_METHOD_MATCH = YES;
				"CODE_SIGN_IDENTITY[sdk=iphoneos*]" = "iPhone Developer";
				COPY_PHASE_STRIP = NO;
				DEBUG_INFORMATION_FORMAT = dwarf;
				ENABLE_STRICT_OBJC_MSGSEND = YES;
				ENABLE_TESTABILITY = YES;
				GCC_C_LANGUAGE_STANDARD = gnu99;
				GCC_DYNAMIC_NO_PIC = NO;
				GCC_NO_COMMON_BLOCKS = YES;
				GCC_OPTIMIZATION_LEVEL = 0;
				GCC_PREPROCESSOR_DEFINITIONS = (
					"DEBUG=1",
					"$(inherited)",
				);
				GCC_WARN_64_TO_32_BIT_CONVERSION = YES;
				GCC_WARN_ABOUT_RETURN_TYPE = YES_ERROR;
				GCC_WARN_UNDECLARED_SELECTOR = YES;
				GCC_WARN_UNINITIALIZED_AUTOS = YES_AGGRESSIVE;
				GCC_WARN_UNUSED_FUNCTION = YES;
				GCC_WARN_UNUSED_VARIABLE = YES;
				IPHONEOS_DEPLOYMENT_TARGET = 10.0;
				MTL_ENABLE_DEBUG_INFO = YES;
				ONLY_ACTIVE_ARCH = YES;
				SDKROOT = iphoneos;
				SWIFT_OPTIMIZATION_LEVEL = "-Onone";
			};
			name = Debug;
		};
		2BA9C8D81D3188C800FC59A1 /* Release */ = {
			isa = XCBuildConfiguration;
			buildSettings = {
				ALWAYS_SEARCH_USER_PATHS = NO;
				CLANG_ANALYZER_NONNULL = YES;
				CLANG_CXX_LANGUAGE_STANDARD = "gnu++0x";
				CLANG_CXX_LIBRARY = "libc++";
				CLANG_ENABLE_MODULES = YES;
				CLANG_ENABLE_OBJC_ARC = YES;
				CLANG_WARN_BOOL_CONVERSION = YES;
				CLANG_WARN_CONSTANT_CONVERSION = YES;
				CLANG_WARN_DIRECT_OBJC_ISA_USAGE = YES_ERROR;
				CLANG_WARN_EMPTY_BODY = YES;
				CLANG_WARN_ENUM_CONVERSION = YES;
				CLANG_WARN_INFINITE_RECURSION = YES;
				CLANG_WARN_INT_CONVERSION = YES;
				CLANG_WARN_OBJC_ROOT_CLASS = YES_ERROR;
				CLANG_WARN_SUSPICIOUS_MOVE = YES;
				CLANG_WARN_UNREACHABLE_CODE = YES;
				CLANG_WARN__DUPLICATE_METHOD_MATCH = YES;
				"CODE_SIGN_IDENTITY[sdk=iphoneos*]" = "iPhone Developer";
				COPY_PHASE_STRIP = NO;
				DEBUG_INFORMATION_FORMAT = "dwarf-with-dsym";
				ENABLE_NS_ASSERTIONS = NO;
				ENABLE_STRICT_OBJC_MSGSEND = YES;
				GCC_C_LANGUAGE_STANDARD = gnu99;
				GCC_NO_COMMON_BLOCKS = YES;
				GCC_WARN_64_TO_32_BIT_CONVERSION = YES;
				GCC_WARN_ABOUT_RETURN_TYPE = YES_ERROR;
				GCC_WARN_UNDECLARED_SELECTOR = YES;
				GCC_WARN_UNINITIALIZED_AUTOS = YES_AGGRESSIVE;
				GCC_WARN_UNUSED_FUNCTION = YES;
				GCC_WARN_UNUSED_VARIABLE = YES;
				IPHONEOS_DEPLOYMENT_TARGET = 10.0;
				MTL_ENABLE_DEBUG_INFO = NO;
				SDKROOT = iphoneos;
				SWIFT_OPTIMIZATION_LEVEL = "-Owholemodule";
				VALIDATE_PRODUCT = YES;
			};
			name = Release;
		};
		2BA9C8DA1D3188C800FC59A1 /* Debug */ = {
			isa = XCBuildConfiguration;
			baseConfigurationReference = D66C26A34900B2E847F1EFC5 /* Pods-Quotes.debug.xcconfig */;
			buildSettings = {
				ASSETCATALOG_COMPILER_APPICON_NAME = AppIcon;
				ASSETCATALOG_COMPILER_LAUNCHIMAGE_NAME = LaunchImage;
				CODE_SIGN_IDENTITY = "iPhone Developer";
				"CODE_SIGN_IDENTITY[sdk=iphoneos*]" = "iPhone Developer";
				DEVELOPMENT_TEAM = "";
				INFOPLIST_FILE = Quotes/Info.plist;
				LD_RUNPATH_SEARCH_PATHS = "$(inherited) @executable_path/Frameworks";
				PRODUCT_BUNDLE_IDENTIFIER = com.irvingdeveloper.teammate;
				PRODUCT_NAME = "$(TARGET_NAME)";
				PROVISIONING_PROFILE = "";
				SWIFT_VERSION = 3.0;
			};
			name = Debug;
		};
		2BA9C8DB1D3188C800FC59A1 /* Release */ = {
			isa = XCBuildConfiguration;
			baseConfigurationReference = D9B7F3ACAA15D8D8D576133B /* Pods-Quotes.release.xcconfig */;
			buildSettings = {
				ASSETCATALOG_COMPILER_APPICON_NAME = AppIcon;
				ASSETCATALOG_COMPILER_LAUNCHIMAGE_NAME = LaunchImage;
				CODE_SIGN_IDENTITY = "iPhone Developer";
				"CODE_SIGN_IDENTITY[sdk=iphoneos*]" = "iPhone Developer";
				DEVELOPMENT_TEAM = "";
				INFOPLIST_FILE = Quotes/Info.plist;
				LD_RUNPATH_SEARCH_PATHS = "$(inherited) @executable_path/Frameworks";
				PRODUCT_BUNDLE_IDENTIFIER = com.irvingdeveloper.teammate;
				PRODUCT_NAME = "$(TARGET_NAME)";
				PROVISIONING_PROFILE = "";
				SWIFT_VERSION = 3.0;
			};
			name = Release;
		};
		2BA9C8DD1D3188C800FC59A1 /* Debug */ = {
			isa = XCBuildConfiguration;
			baseConfigurationReference = B8745A2B31E47A6FDDAA04CB /* Pods-QuotesTests.debug.xcconfig */;
			buildSettings = {
				BUNDLE_LOADER = "$(TEST_HOST)";
				INFOPLIST_FILE = QuotesTests/Info.plist;
				LD_RUNPATH_SEARCH_PATHS = "$(inherited) @executable_path/Frameworks @loader_path/Frameworks";
				PRODUCT_BUNDLE_IDENTIFIER = com.irvingdeveloper.QuotesTests;
				PRODUCT_NAME = "$(TARGET_NAME)";
				SWIFT_VERSION = 3.0;
				TEST_HOST = "$(BUILT_PRODUCTS_DIR)/Teammate.app/Teammate";
			};
			name = Debug;
		};
		2BA9C8DE1D3188C800FC59A1 /* Release */ = {
			isa = XCBuildConfiguration;
			baseConfigurationReference = 5694BB45F9CC24E42848CE4C /* Pods-QuotesTests.release.xcconfig */;
			buildSettings = {
				BUNDLE_LOADER = "$(TEST_HOST)";
				INFOPLIST_FILE = QuotesTests/Info.plist;
				LD_RUNPATH_SEARCH_PATHS = "$(inherited) @executable_path/Frameworks @loader_path/Frameworks";
				PRODUCT_BUNDLE_IDENTIFIER = com.irvingdeveloper.QuotesTests;
				PRODUCT_NAME = "$(TARGET_NAME)";
				SWIFT_VERSION = 3.0;
				TEST_HOST = "$(BUILT_PRODUCTS_DIR)/Teammate.app/Teammate";
			};
			name = Release;
		};
		2BA9C8E01D3188C800FC59A1 /* Debug */ = {
			isa = XCBuildConfiguration;
			baseConfigurationReference = B9D047151ACE921CFF837297 /* Pods-QuotesUITests.debug.xcconfig */;
			buildSettings = {
				INFOPLIST_FILE = QuotesUITests/Info.plist;
				LD_RUNPATH_SEARCH_PATHS = "$(inherited) @executable_path/Frameworks @loader_path/Frameworks";
				PRODUCT_BUNDLE_IDENTIFIER = com.irvingdeveloper.QuotesUITests;
				PRODUCT_NAME = "$(TARGET_NAME)";
				SWIFT_VERSION = 3.0;
				TEST_TARGET_NAME = Quotes;
			};
			name = Debug;
		};
		2BA9C8E11D3188C800FC59A1 /* Release */ = {
			isa = XCBuildConfiguration;
			baseConfigurationReference = F3CE4FC56A173B0225CD96BE /* Pods-QuotesUITests.release.xcconfig */;
			buildSettings = {
				INFOPLIST_FILE = QuotesUITests/Info.plist;
				LD_RUNPATH_SEARCH_PATHS = "$(inherited) @executable_path/Frameworks @loader_path/Frameworks";
				PRODUCT_BUNDLE_IDENTIFIER = com.irvingdeveloper.QuotesUITests;
				PRODUCT_NAME = "$(TARGET_NAME)";
				SWIFT_VERSION = 3.0;
				TEST_TARGET_NAME = Quotes;
			};
			name = Release;
		};
/* End XCBuildConfiguration section */

/* Begin XCConfigurationList section */
		2BA9C8AC1D3188C700FC59A1 /* Build configuration list for PBXProject "Teammate" */ = {
			isa = XCConfigurationList;
			buildConfigurations = (
				2BA9C8D71D3188C800FC59A1 /* Debug */,
				2BA9C8D81D3188C800FC59A1 /* Release */,
			);
			defaultConfigurationIsVisible = 0;
			defaultConfigurationName = Release;
		};
		2BA9C8D91D3188C800FC59A1 /* Build configuration list for PBXNativeTarget "Teammate" */ = {
			isa = XCConfigurationList;
			buildConfigurations = (
				2BA9C8DA1D3188C800FC59A1 /* Debug */,
				2BA9C8DB1D3188C800FC59A1 /* Release */,
			);
			defaultConfigurationIsVisible = 0;
			defaultConfigurationName = Release;
		};
		2BA9C8DC1D3188C800FC59A1 /* Build configuration list for PBXNativeTarget "TeammateTests" */ = {
			isa = XCConfigurationList;
			buildConfigurations = (
				2BA9C8DD1D3188C800FC59A1 /* Debug */,
				2BA9C8DE1D3188C800FC59A1 /* Release */,
			);
			defaultConfigurationIsVisible = 0;
			defaultConfigurationName = Release;
		};
		2BA9C8DF1D3188C800FC59A1 /* Build configuration list for PBXNativeTarget "TeammateUITests" */ = {
			isa = XCConfigurationList;
			buildConfigurations = (
				2BA9C8E01D3188C800FC59A1 /* Debug */,
				2BA9C8E11D3188C800FC59A1 /* Release */,
			);
			defaultConfigurationIsVisible = 0;
			defaultConfigurationName = Release;
		};
/* End XCConfigurationList section */

/* Begin XCVersionGroup section */
		46AF4F3D1E1CE2370076972E /* Teammate Model.xcdatamodeld */ = {
			isa = XCVersionGroup;
			children = (
				46AF4F3E1E1CE2370076972E /* Teammate Model.xcdatamodel */,
			);
			currentVersion = 46AF4F3E1E1CE2370076972E /* Teammate Model.xcdatamodel */;
			path = "Teammate Model.xcdatamodeld";
			sourceTree = "<group>";
			versionGroupType = wrapper.xcdatamodel;
		};
/* End XCVersionGroup section */
	};
	rootObject = 2BA9C8A91D3188C700FC59A1 /* Project object */;
}
